
Microsoft Visual Studio Solution File, Format Version 12.00
# Visual Studio 2013
VisualStudioVersion = 12.0.30501.0
MinimumVisualStudioVersion = 10.0.40219.1
Project("{FAE04EC0-301F-11D3-BF4B-00C04F79EFBC}") = "ETF.Web", "ETF.Web\ETF.Web.csproj", "{334353B4-78E7-4C10-86D0-B2644A23D8C4}"
EndProject
Project("{FAE04EC0-301F-11D3-BF4B-00C04F79EFBC}") = "ETF.PublicAPI", "ETF.PublicAPI\ETF.PublicAPI.csproj", "{DA087471-B2C8-4CE3-8DBF-15BE4265B0D3}"
EndProject
Project("{2150E333-8FDC-42A3-9474-1A3956D46DE8}") = "API", "API", "{9E7D276B-0E3D-406C-B7F1-1108E3CA14FE}"
EndProject
Project("{2150E333-8FDC-42A3-9474-1A3956D46DE8}") = "Web", "Web", "{F40E5FCE-FAA6-4993-99C0-5BBA08ECA6E5}"
EndProject
Project("{FAE04EC0-301F-11D3-BF4B-00C04F79EFBC}") = "ETF.PublicEntities", "ETF.PublicEntities\ETF.PublicEntities.csproj", "{BC89D676-A314-440E-88F4-91343D6CC3B7}"
EndProject
Project("{FAE04EC0-301F-11D3-BF4B-00C04F79EFBC}") = "ETF.API.Utilities", "ETF.Utilities\ETF.API.Utilities.csproj", "{54DDB419-A1F5-4DC0-9FD1-F2F632AB365E}"
EndProject
Project("{FAE04EC0-301F-11D3-BF4B-00C04F79EFBC}") = "ETF.API.Service", "ETF.API.Service\ETF.API.Service.csproj", "{84624B0F-28FC-43F9-9C06-50786AA78A33}"
EndProject
Project("{FAE04EC0-301F-11D3-BF4B-00C04F79EFBC}") = "ETF.API.Test", "ETF.API.Test\ETF.API.Test.csproj", "{9D6A749F-E4D7-426E-A1CA-7CBEE6616D4F}"
EndProject
Project("{FAE04EC0-301F-11D3-BF4B-00C04F79EFBC}") = "ETF.Web.Service", "ETF.Web.Service\ETF.Web.Service.csproj", "{1E4451BE-E8F3-487D-8075-0315130541C3}"
EndProject
Project("{FAE04EC0-301F-11D3-BF4B-00C04F79EFBC}") = "ETF.Web.Repository", "ETF.Web.Repository\ETF.Web.Repository.csproj", "{B7ECB514-DD67-4FA4-9D07-BFD6B8E0AFDA}"
EndProject
Project("{FAE04EC0-301F-11D3-BF4B-00C04F79EFBC}") = "ETF.Web.ViewModel", "ETF.Web.ViewModel\ETF.Web.ViewModel.csproj", "{324D0C30-25C6-40E6-B006-04D376E43DEC}"
EndProject
Project("{FAE04EC0-301F-11D3-BF4B-00C04F79EFBC}") = "ETF.Web.Common", "ETF.Web.Common\ETF.Web.Common.csproj", "{7836200F-AC8E-4720-957D-511F4631A25C}"
EndProject
Project("{2150E333-8FDC-42A3-9474-1A3956D46DE8}") = ".nuget", ".nuget", "{B7193D65-5DA5-496A-9515-647FBD720284}"
	ProjectSection(SolutionItems) = preProject
		.nuget\packages.config = .nuget\packages.config
	EndProjectSection
EndProject
Project("{FAE04EC0-301F-11D3-BF4B-00C04F79EFBC}") = "Etf.Test", "Etf.Test\Etf.Test.csproj", "{C4BED84E-462D-4544-8DF6-A1E9BBDA638F}"
EndProject
Global
	GlobalSection(SolutionConfigurationPlatforms) = preSolution
		Debug|Any CPU = Debug|Any CPU
		Release|Any CPU = Release|Any CPU
	EndGlobalSection
	GlobalSection(ProjectConfigurationPlatforms) = postSolution
		{334353B4-78E7-4C10-86D0-B2644A23D8C4}.Debug|Any CPU.ActiveCfg = Debug|Any CPU
		{334353B4-78E7-4C10-86D0-B2644A23D8C4}.Debug|Any CPU.Build.0 = Debug|Any CPU
		{334353B4-78E7-4C10-86D0-B2644A23D8C4}.Release|Any CPU.ActiveCfg = Release|Any CPU
		{334353B4-78E7-4C10-86D0-B2644A23D8C4}.Release|Any CPU.Build.0 = Release|Any CPU
		{DA087471-B2C8-4CE3-8DBF-15BE4265B0D3}.Debug|Any CPU.ActiveCfg = Debug|Any CPU
		{DA087471-B2C8-4CE3-8DBF-15BE4265B0D3}.Debug|Any CPU.Build.0 = Debug|Any CPU
		{DA087471-B2C8-4CE3-8DBF-15BE4265B0D3}.Release|Any CPU.ActiveCfg = Release|Any CPU
		{DA087471-B2C8-4CE3-8DBF-15BE4265B0D3}.Release|Any CPU.Build.0 = Release|Any CPU
		{BC89D676-A314-440E-88F4-91343D6CC3B7}.Debug|Any CPU.ActiveCfg = Debug|Any CPU
		{BC89D676-A314-440E-88F4-91343D6CC3B7}.Debug|Any CPU.Build.0 = Debug|Any CPU
		{BC89D676-A314-440E-88F4-91343D6CC3B7}.Release|Any CPU.ActiveCfg = Release|Any CPU
		{BC89D676-A314-440E-88F4-91343D6CC3B7}.Release|Any CPU.Build.0 = Release|Any CPU
		{54DDB419-A1F5-4DC0-9FD1-F2F632AB365E}.Debug|Any CPU.ActiveCfg = Debug|Any CPU
		{54DDB419-A1F5-4DC0-9FD1-F2F632AB365E}.Debug|Any CPU.Build.0 = Debug|Any CPU
		{54DDB419-A1F5-4DC0-9FD1-F2F632AB365E}.Release|Any CPU.ActiveCfg = Release|Any CPU
		{54DDB419-A1F5-4DC0-9FD1-F2F632AB365E}.Release|Any CPU.Build.0 = Release|Any CPU
		{84624B0F-28FC-43F9-9C06-50786AA78A33}.Debug|Any CPU.ActiveCfg = Debug|Any CPU
		{84624B0F-28FC-43F9-9C06-50786AA78A33}.Debug|Any CPU.Build.0 = Debug|Any CPU
		{84624B0F-28FC-43F9-9C06-50786AA78A33}.Release|Any CPU.ActiveCfg = Release|Any CPU
		{84624B0F-28FC-43F9-9C06-50786AA78A33}.Release|Any CPU.Build.0 = Release|Any CPU
		{9D6A749F-E4D7-426E-A1CA-7CBEE6616D4F}.Debug|Any CPU.ActiveCfg = Debug|Any CPU
		{9D6A749F-E4D7-426E-A1CA-7CBEE6616D4F}.Debug|Any CPU.Build.0 = Debug|Any CPU
		{9D6A749F-E4D7-426E-A1CA-7CBEE6616D4F}.Release|Any CPU.ActiveCfg = Release|Any CPU
		{9D6A749F-E4D7-426E-A1CA-7CBEE6616D4F}.Release|Any CPU.Build.0 = Release|Any CPU
		{1E4451BE-E8F3-487D-8075-0315130541C3}.Debug|Any CPU.ActiveCfg = Debug|Any CPU
		{1E4451BE-E8F3-487D-8075-0315130541C3}.Debug|Any CPU.Build.0 = Debug|Any CPU
		{1E4451BE-E8F3-487D-8075-0315130541C3}.Release|Any CPU.ActiveCfg = Release|Any CPU
		{1E4451BE-E8F3-487D-8075-0315130541C3}.Release|Any CPU.Build.0 = Release|Any CPU
		{B7ECB514-DD67-4FA4-9D07-BFD6B8E0AFDA}.Debug|Any CPU.ActiveCfg = Debug|Any CPU
		{B7ECB514-DD67-4FA4-9D07-BFD6B8E0AFDA}.Debug|Any CPU.Build.0 = Debug|Any CPU
		{B7ECB514-DD67-4FA4-9D07-BFD6B8E0AFDA}.Release|Any CPU.ActiveCfg = Release|Any CPU
		{B7ECB514-DD67-4FA4-9D07-BFD6B8E0AFDA}.Release|Any CPU.Build.0 = Release|Any CPU
		{324D0C30-25C6-40E6-B006-04D376E43DEC}.Debug|Any CPU.ActiveCfg = Debug|Any CPU
		{324D0C30-25C6-40E6-B006-04D376E43DEC}.Debug|Any CPU.Build.0 = Debug|Any CPU
		{324D0C30-25C6-40E6-B006-04D376E43DEC}.Release|Any CPU.ActiveCfg = Release|Any CPU
		{324D0C30-25C6-40E6-B006-04D376E43DEC}.Release|Any CPU.Build.0 = Release|Any CPU
		{7836200F-AC8E-4720-957D-511F4631A25C}.Debug|Any CPU.ActiveCfg = Debug|Any CPU
		{7836200F-AC8E-4720-957D-511F4631A25C}.Debug|Any CPU.Build.0 = Debug|Any CPU
		{7836200F-AC8E-4720-957D-511F4631A25C}.Release|Any CPU.ActiveCfg = Release|Any CPU
		{7836200F-AC8E-4720-957D-511F4631A25C}.Release|Any CPU.Build.0 = Release|Any CPU
		{C4BED84E-462D-4544-8DF6-A1E9BBDA638F}.Debug|Any CPU.ActiveCfg = Debug|Any CPU
		{C4BED84E-462D-4544-8DF6-A1E9BBDA638F}.Debug|Any CPU.Build.0 = Debug|Any CPU
		{C4BED84E-462D-4544-8DF6-A1E9BBDA638F}.Release|Any CPU.ActiveCfg = Release|Any CPU
		{C4BED84E-462D-4544-8DF6-A1E9BBDA638F}.Release|Any CPU.Build.0 = Release|Any CPU
	EndGlobalSection
	GlobalSection(SolutionProperties) = preSolution
		HideSolutionNode = FALSE
	EndGlobalSection
	GlobalSection(NestedProjects) = preSolution
		{334353B4-78E7-4C10-86D0-B2644A23D8C4} = {F40E5FCE-FAA6-4993-99C0-5BBA08ECA6E5}
		{DA087471-B2C8-4CE3-8DBF-15BE4265B0D3} = {9E7D276B-0E3D-406C-B7F1-1108E3CA14FE}
		{BC89D676-A314-440E-88F4-91343D6CC3B7} = {9E7D276B-0E3D-406C-B7F1-1108E3CA14FE}
		{54DDB419-A1F5-4DC0-9FD1-F2F632AB365E} = {9E7D276B-0E3D-406C-B7F1-1108E3CA14FE}
		{84624B0F-28FC-43F9-9C06-50786AA78A33} = {9E7D276B-0E3D-406C-B7F1-1108E3CA14FE}
		{9D6A749F-E4D7-426E-A1CA-7CBEE6616D4F} = {9E7D276B-0E3D-406C-B7F1-1108E3CA14FE}
		{1E4451BE-E8F3-487D-8075-0315130541C3} = {F40E5FCE-FAA6-4993-99C0-5BBA08ECA6E5}
		{B7ECB514-DD67-4FA4-9D07-BFD6B8E0AFDA} = {F40E5FCE-FAA6-4993-99C0-5BBA08ECA6E5}
		{324D0C30-25C6-40E6-B006-04D376E43DEC} = {F40E5FCE-FAA6-4993-99C0-5BBA08ECA6E5}
		{7836200F-AC8E-4720-957D-511F4631A25C} = {F40E5FCE-FAA6-4993-99C0-5BBA08ECA6E5}
		{C4BED84E-462D-4544-8DF6-A1E9BBDA638F} = {F40E5FCE-FAA6-4993-99C0-5BBA08ECA6E5}
	EndGlobalSection
EndGlobal
